// !$*UTF8*$!
{
	archiveVersion = 1;
	classes = {
	};
	objectVersion = 56;
	objects = {

/* Begin PBXBuildFile section */
		A40156CA2B6A201B0013FEC1 /* ExempleData.swift in Sources */ = {isa = PBXBuildFile; fileRef = A40156C92B6A201B0013FEC1 /* ExempleData.swift */; };
		A40156CC2B6A840E0013FEC1 /* BackgroundImage.swift in Sources */ = {isa = PBXBuildFile; fileRef = A40156CB2B6A840E0013FEC1 /* BackgroundImage.swift */; };
		A40901A72B68B1C5007318AF /* TrendingMovieViewModel.swift in Sources */ = {isa = PBXBuildFile; fileRef = A40901A62B68B1C5007318AF /* TrendingMovieViewModel.swift */; };
		A40901A92B68C919007318AF /* CastDetailView.swift in Sources */ = {isa = PBXBuildFile; fileRef = A40901A82B68C919007318AF /* CastDetailView.swift */; };
		A41D9B182B9C703600F1B8DD /* PlayfairDisplay-Bold.ttf in Resources */ = {isa = PBXBuildFile; fileRef = A41D9B162B9C6EFA00F1B8DD /* PlayfairDisplay-Bold.ttf */; };
		A41D9B192B9C703600F1B8DD /* PlayfairDisplay-Regular.ttf in Resources */ = {isa = PBXBuildFile; fileRef = A41D9B172B9C6EFA00F1B8DD /* PlayfairDisplay-Regular.ttf */; };
		A41E96D62B6E4C2E0088C846 /* AiringTodaySeriesView.swift in Sources */ = {isa = PBXBuildFile; fileRef = A41E96D52B6E4C2E0088C846 /* AiringTodaySeriesView.swift */; };
		A41E96D82B6E4E3B0088C846 /* SeriesDetailView.swift in Sources */ = {isa = PBXBuildFile; fileRef = A41E96D72B6E4E3B0088C846 /* SeriesDetailView.swift */; };
		A41E96DA2B6E4E4B0088C846 /* SeriesRowView.swift in Sources */ = {isa = PBXBuildFile; fileRef = A41E96D92B6E4E4B0088C846 /* SeriesRowView.swift */; };
		A41E96DC2B6E57CF0088C846 /* SeriesListTypesView.swift in Sources */ = {isa = PBXBuildFile; fileRef = A41E96DB2B6E57CF0088C846 /* SeriesListTypesView.swift */; };
		A41E96DE2B6E5B000088C846 /* PopularSeriesView.swift in Sources */ = {isa = PBXBuildFile; fileRef = A41E96DD2B6E5B000088C846 /* PopularSeriesView.swift */; };
		A41E96E02B6E5B0F0088C846 /* TopRatedSeriesView.swift in Sources */ = {isa = PBXBuildFile; fileRef = A41E96DF2B6E5B0F0088C846 /* TopRatedSeriesView.swift */; };
		A41E96E22B6E5B210088C846 /* OnTheAirSeriesView.swift in Sources */ = {isa = PBXBuildFile; fileRef = A41E96E12B6E5B210088C846 /* OnTheAirSeriesView.swift */; };
		A41E96E42B6E957C0088C846 /* SeriesDetail.swift in Sources */ = {isa = PBXBuildFile; fileRef = A41E96E32B6E957C0088C846 /* SeriesDetail.swift */; };
		A41E96E62B6E978D0088C846 /* SeriesDetailViewModel.swift in Sources */ = {isa = PBXBuildFile; fileRef = A41E96E52B6E978D0088C846 /* SeriesDetailViewModel.swift */; };
		A41E96E82B6EAC360088C846 /* CastSeriesListViewModel.swift in Sources */ = {isa = PBXBuildFile; fileRef = A41E96E72B6EAC360088C846 /* CastSeriesListViewModel.swift */; };
		A42575AF2B67FAA600550999 /* HomeView.swift in Sources */ = {isa = PBXBuildFile; fileRef = A42575AE2B67FAA600550999 /* HomeView.swift */; };
		A42575B32B67FE0800550999 /* MovieCardView.swift in Sources */ = {isa = PBXBuildFile; fileRef = A42575B22B67FE0800550999 /* MovieCardView.swift */; };
		A428801B2B61823D00E13CD7 /* MoviesDatabaseApp.swift in Sources */ = {isa = PBXBuildFile; fileRef = A428801A2B61823D00E13CD7 /* MoviesDatabaseApp.swift */; };
		A428801D2B61823D00E13CD7 /* ContentView.swift in Sources */ = {isa = PBXBuildFile; fileRef = A428801C2B61823D00E13CD7 /* ContentView.swift */; };
		A428801F2B61824100E13CD7 /* Assets.xcassets in Resources */ = {isa = PBXBuildFile; fileRef = A428801E2B61824100E13CD7 /* Assets.xcassets */; };
		A42880222B61824100E13CD7 /* Preview Assets.xcassets in Resources */ = {isa = PBXBuildFile; fileRef = A42880212B61824100E13CD7 /* Preview Assets.xcassets */; };
		A43403D62B6F7A5200218760 /* SearchMovieViewModel.swift in Sources */ = {isa = PBXBuildFile; fileRef = A43403D52B6F7A5200218760 /* SearchMovieViewModel.swift */; };
		A43403DA2B6F7B7A00218760 /* SearchView.swift in Sources */ = {isa = PBXBuildFile; fileRef = A43403D92B6F7B7A00218760 /* SearchView.swift */; };
		A43403DC2B6FD93800218760 /* SearchSeriesIViewModel.swift in Sources */ = {isa = PBXBuildFile; fileRef = A43403DB2B6FD93800218760 /* SearchSeriesIViewModel.swift */; };
		A43403DE2B6FDA1A00218760 /* SeriesCardView.swift in Sources */ = {isa = PBXBuildFile; fileRef = A43403DD2B6FDA1A00218760 /* SeriesCardView.swift */; };
		A43B672D2B66479A00BD5058 /* APIService.swift in Sources */ = {isa = PBXBuildFile; fileRef = A43B672C2B66479A00BD5058 /* APIService.swift */; };
		A43B672F2B66483A00BD5058 /* Movie.swift in Sources */ = {isa = PBXBuildFile; fileRef = A43B672E2B66483A00BD5058 /* Movie.swift */; };
		A43B67312B66484A00BD5058 /* TopRatedMoviesViewModel.swift in Sources */ = {isa = PBXBuildFile; fileRef = A43B67302B66484A00BD5058 /* TopRatedMoviesViewModel.swift */; };
		A43B67332B664AF500BD5058 /* MovieDetailView.swift in Sources */ = {isa = PBXBuildFile; fileRef = A43B67322B664AF500BD5058 /* MovieDetailView.swift */; };
		A43B67352B66515200BD5058 /* TopRatedMoviesListView.swift in Sources */ = {isa = PBXBuildFile; fileRef = A43B67342B66515200BD5058 /* TopRatedMoviesListView.swift */; };
		A43B67372B6651A300BD5058 /* MovieRowView.swift in Sources */ = {isa = PBXBuildFile; fileRef = A43B67362B6651A300BD5058 /* MovieRowView.swift */; };
		A43B673B2B6652D400BD5058 /* UIScreen.swift in Sources */ = {isa = PBXBuildFile; fileRef = A43B673A2B6652D400BD5058 /* UIScreen.swift */; };
		A44B1FAA2B6788B600478B79 /* CircularProcessBarView.swift in Sources */ = {isa = PBXBuildFile; fileRef = A44B1FA92B6788B600478B79 /* CircularProcessBarView.swift */; };
		A44B1FAC2B67CDFB00478B79 /* Cast.swift in Sources */ = {isa = PBXBuildFile; fileRef = A44B1FAB2B67CDFB00478B79 /* Cast.swift */; };
		A44B1FAE2B67D2F600478B79 /* CastMovieListViewModel.swift in Sources */ = {isa = PBXBuildFile; fileRef = A44B1FAD2B67D2F600478B79 /* CastMovieListViewModel.swift */; };
		A44B1FB02B67D5AE00478B79 /* CastCardView.swift in Sources */ = {isa = PBXBuildFile; fileRef = A44B1FAF2B67D5AE00478B79 /* CastCardView.swift */; };
		A45452AC2B6B6FEF008D2438 /* MovieDetail.swift in Sources */ = {isa = PBXBuildFile; fileRef = A45452AB2B6B6FEF008D2438 /* MovieDetail.swift */; };
		A45452AE2B6B7276008D2438 /* MovieDetailViewModel.swift in Sources */ = {isa = PBXBuildFile; fileRef = A45452AD2B6B7276008D2438 /* MovieDetailViewModel.swift */; };
		A47FD6BB2B68DDBC00EEC4C6 /* View.swift in Sources */ = {isa = PBXBuildFile; fileRef = A47FD6BA2B68DDBC00EEC4C6 /* View.swift */; };
		A47FD6BD2B68DDF500EEC4C6 /* Image.swift in Sources */ = {isa = PBXBuildFile; fileRef = A47FD6BC2B68DDF500EEC4C6 /* Image.swift */; };
		A47FD6BF2B68DE3100EEC4C6 /* UIView.swift in Sources */ = {isa = PBXBuildFile; fileRef = A47FD6BE2B68DE3100EEC4C6 /* UIView.swift */; };
		A48CAA942B6E32F7005F1E67 /* Series.swift in Sources */ = {isa = PBXBuildFile; fileRef = A48CAA932B6E32F7005F1E67 /* Series.swift */; };
		A48CAA9A2B6E3667005F1E67 /* AiringTodaySeriesViewModel.swift in Sources */ = {isa = PBXBuildFile; fileRef = A48CAA992B6E3667005F1E67 /* AiringTodaySeriesViewModel.swift */; };
		A48CAA9C2B6E3675005F1E67 /* OnTheAirSeriesViewModel.swift in Sources */ = {isa = PBXBuildFile; fileRef = A48CAA9B2B6E3675005F1E67 /* OnTheAirSeriesViewModel.swift */; };
		A48CAA9E2B6E3682005F1E67 /* PopularSeriesViewModel.swift in Sources */ = {isa = PBXBuildFile; fileRef = A48CAA9D2B6E3682005F1E67 /* PopularSeriesViewModel.swift */; };
		A48CAAA02B6E3691005F1E67 /* TopRatedSeriesViewModel.swift in Sources */ = {isa = PBXBuildFile; fileRef = A48CAA9F2B6E3691005F1E67 /* TopRatedSeriesViewModel.swift */; };
		A48CAAA42B6E36EA005F1E67 /* UpcomingMoviesViewModel.swift in Sources */ = {isa = PBXBuildFile; fileRef = A48CAAA32B6E36EA005F1E67 /* UpcomingMoviesViewModel.swift */; };
		A48CAAA62B6E37C3005F1E67 /* MoviesListTypesView.swift in Sources */ = {isa = PBXBuildFile; fileRef = A48CAAA52B6E37C3005F1E67 /* MoviesListTypesView.swift */; };
		A48CAAAA2B6E3873005F1E67 /* UpcomingMoviesListView.swift in Sources */ = {isa = PBXBuildFile; fileRef = A48CAAA92B6E3873005F1E67 /* UpcomingMoviesListView.swift */; };
		A4B315042B67556800D0B796 /* PopularMoviesViewModel.swift in Sources */ = {isa = PBXBuildFile; fileRef = A4B315032B67556800D0B796 /* PopularMoviesViewModel.swift */; };
		A4B315062B67563000D0B796 /* PopularMoviesListView.swift in Sources */ = {isa = PBXBuildFile; fileRef = A4B315052B67563000D0B796 /* PopularMoviesListView.swift */; };
		A4B315082B6757B600D0B796 /* NowPlayingMoviesListView.swift in Sources */ = {isa = PBXBuildFile; fileRef = A4B315072B6757B600D0B796 /* NowPlayingMoviesListView.swift */; };
		A4B3150A2B6757C700D0B796 /* NowPlayingMoviesViewModel.swift in Sources */ = {isa = PBXBuildFile; fileRef = A4B315092B6757C700D0B796 /* NowPlayingMoviesViewModel.swift */; };
		A4BFEB6B2B691E0900E23C72 /* People.swift in Sources */ = {isa = PBXBuildFile; fileRef = A4BFEB6A2B691E0900E23C72 /* People.swift */; };
		A4BFEB6D2B6927DD00E23C72 /* PeopleViewModel.swift in Sources */ = {isa = PBXBuildFile; fileRef = A4BFEB6C2B6927DD00E23C72 /* PeopleViewModel.swift */; };
		A4C006F72B70BD5700628EDF /* Images.swift in Sources */ = {isa = PBXBuildFile; fileRef = A4C006F62B70BD5700628EDF /* Images.swift */; };
		A4C006F92B70BE8000628EDF /* ImagesViewModel.swift in Sources */ = {isa = PBXBuildFile; fileRef = A4C006F82B70BE8000628EDF /* ImagesViewModel.swift */; };
		A4C006FB2B70BFF100628EDF /* ImageView.swift in Sources */ = {isa = PBXBuildFile; fileRef = A4C006FA2B70BFF100628EDF /* ImageView.swift */; };
		A4C006FE2B70FA7300628EDF /* MovieCastListView.swift in Sources */ = {isa = PBXBuildFile; fileRef = A4C006FD2B70FA7300628EDF /* MovieCastListView.swift */; };
		A4C007002B710CB300628EDF /* Constants.swift in Sources */ = {isa = PBXBuildFile; fileRef = A4C006FF2B710CB300628EDF /* Constants.swift */; };
		A4C007022B710E9600628EDF /* Utils.swift in Sources */ = {isa = PBXBuildFile; fileRef = A4C007012B710E9600628EDF /* Utils.swift */; };
		A4C007042B71256F00628EDF /* SeriesCastListView.swift in Sources */ = {isa = PBXBuildFile; fileRef = A4C007032B71256F00628EDF /* SeriesCastListView.swift */; };
		A4C007062B71272900628EDF /* MovieImagesView.swift in Sources */ = {isa = PBXBuildFile; fileRef = A4C007052B71272900628EDF /* MovieImagesView.swift */; };
		A4C007092B7127B300628EDF /* SeriesImagesView.swift in Sources */ = {isa = PBXBuildFile; fileRef = A4C007082B7127B300628EDF /* SeriesImagesView.swift */; };
		A4CA95532B71EBD300BB4028 /* MovieGenresViewModel.swift in Sources */ = {isa = PBXBuildFile; fileRef = A4CA95522B71EBD300BB4028 /* MovieGenresViewModel.swift */; };
		A4CA95562B71F22400BB4028 /* SeriesGenresViewModel.swift in Sources */ = {isa = PBXBuildFile; fileRef = A4CA95552B71F22400BB4028 /* SeriesGenresViewModel.swift */; };
		A4CA95582B71F26300BB4028 /* MoviesGenresView.swift in Sources */ = {isa = PBXBuildFile; fileRef = A4CA95572B71F26300BB4028 /* MoviesGenresView.swift */; };
		A4CA955B2B71FB4600BB4028 /* SeriesGenresView.swift in Sources */ = {isa = PBXBuildFile; fileRef = A4CA955A2B71FB4600BB4028 /* SeriesGenresView.swift */; };
		A4CA955D2B72016400BB4028 /* Keyword.swift in Sources */ = {isa = PBXBuildFile; fileRef = A4CA955C2B72016400BB4028 /* Keyword.swift */; };
		A4CA95602B7201E700BB4028 /* KeywordViewModel.swift in Sources */ = {isa = PBXBuildFile; fileRef = A4CA955F2B7201E700BB4028 /* KeywordViewModel.swift */; };
		A4CA95642B7203AA00BB4028 /* KeywordMovieListView.swift in Sources */ = {isa = PBXBuildFile; fileRef = A4CA95632B7203AA00BB4028 /* KeywordMovieListView.swift */; };
		A4CA95662B72108400BB4028 /* KeywordMovieListViewModel.swift in Sources */ = {isa = PBXBuildFile; fileRef = A4CA95652B72108400BB4028 /* KeywordMovieListViewModel.swift */; };
		A4CA95682B72110800BB4028 /* MovieKeywordListView.swift in Sources */ = {isa = PBXBuildFile; fileRef = A4CA95672B72110800BB4028 /* MovieKeywordListView.swift */; };
		A4CA956A2B722B1200BB4028 /* KeywordSeriesListViewModel.swift in Sources */ = {isa = PBXBuildFile; fileRef = A4CA95692B722B1200BB4028 /* KeywordSeriesListViewModel.swift */; };
		A4CA956C2B722BC800BB4028 /* SeriesKeywordListView.swift in Sources */ = {isa = PBXBuildFile; fileRef = A4CA956B2B722BC800BB4028 /* SeriesKeywordListView.swift */; };
		A4CA956E2B722C0400BB4028 /* KeywordSeriesListView.swift in Sources */ = {isa = PBXBuildFile; fileRef = A4CA956D2B722C0400BB4028 /* KeywordSeriesListView.swift */; };
		A4CA95712B729C0300BB4028 /* MovieRecommendationViewModel.swift in Sources */ = {isa = PBXBuildFile; fileRef = A4CA95702B729C0100BB4028 /* MovieRecommendationViewModel.swift */; };
		A4CA95742B729E3400BB4028 /* MovieRecommendationView.swift in Sources */ = {isa = PBXBuildFile; fileRef = A4CA95732B729E3400BB4028 /* MovieRecommendationView.swift */; };
		A4D89F582B74E870008C2677 /* SeriesRecommendationView.swift in Sources */ = {isa = PBXBuildFile; fileRef = A4D89F572B74E870008C2677 /* SeriesRecommendationView.swift */; };
		A4D89F5A2B74E88B008C2677 /* SeriesRecommendationViewModel.swift in Sources */ = {isa = PBXBuildFile; fileRef = A4D89F592B74E88B008C2677 /* SeriesRecommendationViewModel.swift */; };
/* End PBXBuildFile section */

/* Begin PBXFileReference section */
		A40156C92B6A201B0013FEC1 /* ExempleData.swift */ = {isa = PBXFileReference; lastKnownFileType = sourcecode.swift; path = ExempleData.swift; sourceTree = "<group>"; };
		A40156CB2B6A840E0013FEC1 /* BackgroundImage.swift */ = {isa = PBXFileReference; lastKnownFileType = sourcecode.swift; path = BackgroundImage.swift; sourceTree = "<group>"; };
		A40901A62B68B1C5007318AF /* TrendingMovieViewModel.swift */ = {isa = PBXFileReference; lastKnownFileType = sourcecode.swift; path = TrendingMovieViewModel.swift; sourceTree = "<group>"; };
		A40901A82B68C919007318AF /* CastDetailView.swift */ = {isa = PBXFileReference; lastKnownFileType = sourcecode.swift; path = CastDetailView.swift; sourceTree = "<group>"; };
		A41D9B162B9C6EFA00F1B8DD /* PlayfairDisplay-Bold.ttf */ = {isa = PBXFileReference; lastKnownFileType = file; path = "PlayfairDisplay-Bold.ttf"; sourceTree = "<group>"; };
		A41D9B172B9C6EFA00F1B8DD /* PlayfairDisplay-Regular.ttf */ = {isa = PBXFileReference; lastKnownFileType = file; path = "PlayfairDisplay-Regular.ttf"; sourceTree = "<group>"; };
		A41E96D52B6E4C2E0088C846 /* AiringTodaySeriesView.swift */ = {isa = PBXFileReference; lastKnownFileType = sourcecode.swift; path = AiringTodaySeriesView.swift; sourceTree = "<group>"; };
		A41E96D72B6E4E3B0088C846 /* SeriesDetailView.swift */ = {isa = PBXFileReference; lastKnownFileType = sourcecode.swift; path = SeriesDetailView.swift; sourceTree = "<group>"; };
		A41E96D92B6E4E4B0088C846 /* SeriesRowView.swift */ = {isa = PBXFileReference; lastKnownFileType = sourcecode.swift; path = SeriesRowView.swift; sourceTree = "<group>"; };
		A41E96DB2B6E57CF0088C846 /* SeriesListTypesView.swift */ = {isa = PBXFileReference; lastKnownFileType = sourcecode.swift; path = SeriesListTypesView.swift; sourceTree = "<group>"; };
		A41E96DD2B6E5B000088C846 /* PopularSeriesView.swift */ = {isa = PBXFileReference; lastKnownFileType = sourcecode.swift; path = PopularSeriesView.swift; sourceTree = "<group>"; };
		A41E96DF2B6E5B0F0088C846 /* TopRatedSeriesView.swift */ = {isa = PBXFileReference; lastKnownFileType = sourcecode.swift; path = TopRatedSeriesView.swift; sourceTree = "<group>"; };
		A41E96E12B6E5B210088C846 /* OnTheAirSeriesView.swift */ = {isa = PBXFileReference; lastKnownFileType = sourcecode.swift; path = OnTheAirSeriesView.swift; sourceTree = "<group>"; };
		A41E96E32B6E957C0088C846 /* SeriesDetail.swift */ = {isa = PBXFileReference; lastKnownFileType = sourcecode.swift; path = SeriesDetail.swift; sourceTree = "<group>"; };
		A41E96E52B6E978D0088C846 /* SeriesDetailViewModel.swift */ = {isa = PBXFileReference; lastKnownFileType = sourcecode.swift; path = SeriesDetailViewModel.swift; sourceTree = "<group>"; };
		A41E96E72B6EAC360088C846 /* CastSeriesListViewModel.swift */ = {isa = PBXFileReference; lastKnownFileType = sourcecode.swift; path = CastSeriesListViewModel.swift; sourceTree = "<group>"; };
		A42575AE2B67FAA600550999 /* HomeView.swift */ = {isa = PBXFileReference; lastKnownFileType = sourcecode.swift; lineEnding = 0; path = HomeView.swift; sourceTree = "<group>"; usesTabs = 0; };
		A42575B22B67FE0800550999 /* MovieCardView.swift */ = {isa = PBXFileReference; lastKnownFileType = sourcecode.swift; path = MovieCardView.swift; sourceTree = "<group>"; };
		A42880172B61823D00E13CD7 /* MoviesDatabase.app */ = {isa = PBXFileReference; explicitFileType = wrapper.application; includeInIndex = 0; path = MoviesDatabase.app; sourceTree = BUILT_PRODUCTS_DIR; };
		A428801A2B61823D00E13CD7 /* MoviesDatabaseApp.swift */ = {isa = PBXFileReference; lastKnownFileType = sourcecode.swift; path = MoviesDatabaseApp.swift; sourceTree = "<group>"; };
		A428801C2B61823D00E13CD7 /* ContentView.swift */ = {isa = PBXFileReference; lastKnownFileType = sourcecode.swift; path = ContentView.swift; sourceTree = "<group>"; };
		A428801E2B61824100E13CD7 /* Assets.xcassets */ = {isa = PBXFileReference; lastKnownFileType = folder.assetcatalog; path = Assets.xcassets; sourceTree = "<group>"; };
		A42880212B61824100E13CD7 /* Preview Assets.xcassets */ = {isa = PBXFileReference; lastKnownFileType = folder.assetcatalog; path = "Preview Assets.xcassets"; sourceTree = "<group>"; };
		A43403D52B6F7A5200218760 /* SearchMovieViewModel.swift */ = {isa = PBXFileReference; lastKnownFileType = sourcecode.swift; path = SearchMovieViewModel.swift; sourceTree = "<group>"; };
		A43403D92B6F7B7A00218760 /* SearchView.swift */ = {isa = PBXFileReference; lastKnownFileType = sourcecode.swift; path = SearchView.swift; sourceTree = "<group>"; };
		A43403DB2B6FD93800218760 /* SearchSeriesIViewModel.swift */ = {isa = PBXFileReference; lastKnownFileType = sourcecode.swift; path = SearchSeriesIViewModel.swift; sourceTree = "<group>"; };
		A43403DD2B6FDA1A00218760 /* SeriesCardView.swift */ = {isa = PBXFileReference; lastKnownFileType = sourcecode.swift; path = SeriesCardView.swift; sourceTree = "<group>"; };
		A43B672C2B66479A00BD5058 /* APIService.swift */ = {isa = PBXFileReference; lastKnownFileType = sourcecode.swift; path = APIService.swift; sourceTree = "<group>"; };
		A43B672E2B66483A00BD5058 /* Movie.swift */ = {isa = PBXFileReference; lastKnownFileType = sourcecode.swift; path = Movie.swift; sourceTree = "<group>"; };
		A43B67302B66484A00BD5058 /* TopRatedMoviesViewModel.swift */ = {isa = PBXFileReference; lastKnownFileType = sourcecode.swift; path = TopRatedMoviesViewModel.swift; sourceTree = "<group>"; };
		A43B67322B664AF500BD5058 /* MovieDetailView.swift */ = {isa = PBXFileReference; lastKnownFileType = sourcecode.swift; path = MovieDetailView.swift; sourceTree = "<group>"; };
		A43B67342B66515200BD5058 /* TopRatedMoviesListView.swift */ = {isa = PBXFileReference; lastKnownFileType = sourcecode.swift; path = TopRatedMoviesListView.swift; sourceTree = "<group>"; };
		A43B67362B6651A300BD5058 /* MovieRowView.swift */ = {isa = PBXFileReference; lastKnownFileType = sourcecode.swift; path = MovieRowView.swift; sourceTree = "<group>"; };
		A43B673A2B6652D400BD5058 /* UIScreen.swift */ = {isa = PBXFileReference; lastKnownFileType = sourcecode.swift; path = UIScreen.swift; sourceTree = "<group>"; };
		A44B1FA92B6788B600478B79 /* CircularProcessBarView.swift */ = {isa = PBXFileReference; lastKnownFileType = sourcecode.swift; path = CircularProcessBarView.swift; sourceTree = "<group>"; };
		A44B1FAB2B67CDFB00478B79 /* Cast.swift */ = {isa = PBXFileReference; lastKnownFileType = sourcecode.swift; path = Cast.swift; sourceTree = "<group>"; };
		A44B1FAD2B67D2F600478B79 /* CastMovieListViewModel.swift */ = {isa = PBXFileReference; lastKnownFileType = sourcecode.swift; path = CastMovieListViewModel.swift; sourceTree = "<group>"; };
		A44B1FAF2B67D5AE00478B79 /* CastCardView.swift */ = {isa = PBXFileReference; lastKnownFileType = sourcecode.swift; path = CastCardView.swift; sourceTree = "<group>"; };
		A45452AB2B6B6FEF008D2438 /* MovieDetail.swift */ = {isa = PBXFileReference; lastKnownFileType = sourcecode.swift; path = MovieDetail.swift; sourceTree = "<group>"; };
		A45452AD2B6B7276008D2438 /* MovieDetailViewModel.swift */ = {isa = PBXFileReference; lastKnownFileType = sourcecode.swift; path = MovieDetailViewModel.swift; sourceTree = "<group>"; };
		A47FD6BA2B68DDBC00EEC4C6 /* View.swift */ = {isa = PBXFileReference; lastKnownFileType = sourcecode.swift; path = View.swift; sourceTree = "<group>"; };
		A47FD6BC2B68DDF500EEC4C6 /* Image.swift */ = {isa = PBXFileReference; lastKnownFileType = sourcecode.swift; path = Image.swift; sourceTree = "<group>"; };
		A47FD6BE2B68DE3100EEC4C6 /* UIView.swift */ = {isa = PBXFileReference; lastKnownFileType = sourcecode.swift; path = UIView.swift; sourceTree = "<group>"; };
		A48CAA932B6E32F7005F1E67 /* Series.swift */ = {isa = PBXFileReference; lastKnownFileType = sourcecode.swift; path = Series.swift; sourceTree = "<group>"; };
		A48CAA992B6E3667005F1E67 /* AiringTodaySeriesViewModel.swift */ = {isa = PBXFileReference; lastKnownFileType = sourcecode.swift; path = AiringTodaySeriesViewModel.swift; sourceTree = "<group>"; };
		A48CAA9B2B6E3675005F1E67 /* OnTheAirSeriesViewModel.swift */ = {isa = PBXFileReference; lastKnownFileType = sourcecode.swift; path = OnTheAirSeriesViewModel.swift; sourceTree = "<group>"; };
		A48CAA9D2B6E3682005F1E67 /* PopularSeriesViewModel.swift */ = {isa = PBXFileReference; lastKnownFileType = sourcecode.swift; path = PopularSeriesViewModel.swift; sourceTree = "<group>"; };
		A48CAA9F2B6E3691005F1E67 /* TopRatedSeriesViewModel.swift */ = {isa = PBXFileReference; lastKnownFileType = sourcecode.swift; path = TopRatedSeriesViewModel.swift; sourceTree = "<group>"; };
		A48CAAA32B6E36EA005F1E67 /* UpcomingMoviesViewModel.swift */ = {isa = PBXFileReference; lastKnownFileType = sourcecode.swift; path = UpcomingMoviesViewModel.swift; sourceTree = "<group>"; };
		A48CAAA52B6E37C3005F1E67 /* MoviesListTypesView.swift */ = {isa = PBXFileReference; lastKnownFileType = sourcecode.swift; path = MoviesListTypesView.swift; sourceTree = "<group>"; };
		A48CAAA92B6E3873005F1E67 /* UpcomingMoviesListView.swift */ = {isa = PBXFileReference; lastKnownFileType = sourcecode.swift; path = UpcomingMoviesListView.swift; sourceTree = "<group>"; };
		A4B315032B67556800D0B796 /* PopularMoviesViewModel.swift */ = {isa = PBXFileReference; lastKnownFileType = sourcecode.swift; path = PopularMoviesViewModel.swift; sourceTree = "<group>"; };
		A4B315052B67563000D0B796 /* PopularMoviesListView.swift */ = {isa = PBXFileReference; lastKnownFileType = sourcecode.swift; path = PopularMoviesListView.swift; sourceTree = "<group>"; };
		A4B315072B6757B600D0B796 /* NowPlayingMoviesListView.swift */ = {isa = PBXFileReference; lastKnownFileType = sourcecode.swift; path = NowPlayingMoviesListView.swift; sourceTree = "<group>"; };
		A4B315092B6757C700D0B796 /* NowPlayingMoviesViewModel.swift */ = {isa = PBXFileReference; lastKnownFileType = sourcecode.swift; path = NowPlayingMoviesViewModel.swift; sourceTree = "<group>"; };
		A4BFEB6A2B691E0900E23C72 /* People.swift */ = {isa = PBXFileReference; lastKnownFileType = sourcecode.swift; path = People.swift; sourceTree = "<group>"; };
		A4BFEB6C2B6927DD00E23C72 /* PeopleViewModel.swift */ = {isa = PBXFileReference; lastKnownFileType = sourcecode.swift; path = PeopleViewModel.swift; sourceTree = "<group>"; };
		A4C006F62B70BD5700628EDF /* Images.swift */ = {isa = PBXFileReference; lastKnownFileType = sourcecode.swift; path = Images.swift; sourceTree = "<group>"; };
		A4C006F82B70BE8000628EDF /* ImagesViewModel.swift */ = {isa = PBXFileReference; lastKnownFileType = sourcecode.swift; path = ImagesViewModel.swift; sourceTree = "<group>"; };
		A4C006FA2B70BFF100628EDF /* ImageView.swift */ = {isa = PBXFileReference; lastKnownFileType = sourcecode.swift; path = ImageView.swift; sourceTree = "<group>"; };
		A4C006FC2B70CAF500628EDF /* Info.plist */ = {isa = PBXFileReference; lastKnownFileType = text.plist; path = Info.plist; sourceTree = "<group>"; };
		A4C006FD2B70FA7300628EDF /* MovieCastListView.swift */ = {isa = PBXFileReference; lastKnownFileType = sourcecode.swift; path = MovieCastListView.swift; sourceTree = "<group>"; };
		A4C006FF2B710CB300628EDF /* Constants.swift */ = {isa = PBXFileReference; lastKnownFileType = sourcecode.swift; path = Constants.swift; sourceTree = "<group>"; };
		A4C007012B710E9600628EDF /* Utils.swift */ = {isa = PBXFileReference; lastKnownFileType = sourcecode.swift; path = Utils.swift; sourceTree = "<group>"; };
		A4C007032B71256F00628EDF /* SeriesCastListView.swift */ = {isa = PBXFileReference; lastKnownFileType = sourcecode.swift; path = SeriesCastListView.swift; sourceTree = "<group>"; };
		A4C007052B71272900628EDF /* MovieImagesView.swift */ = {isa = PBXFileReference; lastKnownFileType = sourcecode.swift; path = MovieImagesView.swift; sourceTree = "<group>"; };
		A4C007082B7127B300628EDF /* SeriesImagesView.swift */ = {isa = PBXFileReference; lastKnownFileType = sourcecode.swift; path = SeriesImagesView.swift; sourceTree = "<group>"; };
		A4CA95522B71EBD300BB4028 /* MovieGenresViewModel.swift */ = {isa = PBXFileReference; lastKnownFileType = sourcecode.swift; path = MovieGenresViewModel.swift; sourceTree = "<group>"; };
		A4CA95552B71F22400BB4028 /* SeriesGenresViewModel.swift */ = {isa = PBXFileReference; lastKnownFileType = sourcecode.swift; path = SeriesGenresViewModel.swift; sourceTree = "<group>"; };
		A4CA95572B71F26300BB4028 /* MoviesGenresView.swift */ = {isa = PBXFileReference; lastKnownFileType = sourcecode.swift; path = MoviesGenresView.swift; sourceTree = "<group>"; };
		A4CA955A2B71FB4600BB4028 /* SeriesGenresView.swift */ = {isa = PBXFileReference; lastKnownFileType = sourcecode.swift; path = SeriesGenresView.swift; sourceTree = "<group>"; };
		A4CA955C2B72016400BB4028 /* Keyword.swift */ = {isa = PBXFileReference; lastKnownFileType = sourcecode.swift; path = Keyword.swift; sourceTree = "<group>"; };
		A4CA955F2B7201E700BB4028 /* KeywordViewModel.swift */ = {isa = PBXFileReference; lastKnownFileType = sourcecode.swift; path = KeywordViewModel.swift; sourceTree = "<group>"; };
		A4CA95632B7203AA00BB4028 /* KeywordMovieListView.swift */ = {isa = PBXFileReference; lastKnownFileType = sourcecode.swift; path = KeywordMovieListView.swift; sourceTree = "<group>"; };
		A4CA95652B72108400BB4028 /* KeywordMovieListViewModel.swift */ = {isa = PBXFileReference; lastKnownFileType = sourcecode.swift; path = KeywordMovieListViewModel.swift; sourceTree = "<group>"; };
		A4CA95672B72110800BB4028 /* MovieKeywordListView.swift */ = {isa = PBXFileReference; lastKnownFileType = sourcecode.swift; path = MovieKeywordListView.swift; sourceTree = "<group>"; };
		A4CA95692B722B1200BB4028 /* KeywordSeriesListViewModel.swift */ = {isa = PBXFileReference; lastKnownFileType = sourcecode.swift; path = KeywordSeriesListViewModel.swift; sourceTree = "<group>"; };
		A4CA956B2B722BC800BB4028 /* SeriesKeywordListView.swift */ = {isa = PBXFileReference; lastKnownFileType = sourcecode.swift; path = SeriesKeywordListView.swift; sourceTree = "<group>"; };
		A4CA956D2B722C0400BB4028 /* KeywordSeriesListView.swift */ = {isa = PBXFileReference; lastKnownFileType = sourcecode.swift; path = KeywordSeriesListView.swift; sourceTree = "<group>"; };
		A4CA95702B729C0100BB4028 /* MovieRecommendationViewModel.swift */ = {isa = PBXFileReference; lastKnownFileType = sourcecode.swift; path = MovieRecommendationViewModel.swift; sourceTree = "<group>"; };
		A4CA95732B729E3400BB4028 /* MovieRecommendationView.swift */ = {isa = PBXFileReference; lastKnownFileType = sourcecode.swift; path = MovieRecommendationView.swift; sourceTree = "<group>"; };
		A4D89F572B74E870008C2677 /* SeriesRecommendationView.swift */ = {isa = PBXFileReference; lastKnownFileType = sourcecode.swift; path = SeriesRecommendationView.swift; sourceTree = "<group>"; };
		A4D89F592B74E88B008C2677 /* SeriesRecommendationViewModel.swift */ = {isa = PBXFileReference; lastKnownFileType = sourcecode.swift; path = SeriesRecommendationViewModel.swift; sourceTree = "<group>"; };
/* End PBXFileReference section */

/* Begin PBXFrameworksBuildPhase section */
		A42880142B61823D00E13CD7 /* Frameworks */ = {
			isa = PBXFrameworksBuildPhase;
			buildActionMask = 2147483647;
			files = (
			);
			runOnlyForDeploymentPostprocessing = 0;
		};
/* End PBXFrameworksBuildPhase section */

/* Begin PBXGroup section */
		A40156C82B6A20030013FEC1 /* Helper */ = {
			isa = PBXGroup;
			children = (
				A40156C92B6A201B0013FEC1 /* ExempleData.swift */,
				A40156CB2B6A840E0013FEC1 /* BackgroundImage.swift */,
				A4C006FF2B710CB300628EDF /* Constants.swift */,
				A4C007012B710E9600628EDF /* Utils.swift */,
			);
			path = Helper;
			sourceTree = "<group>";
		};
		A41D9B142B9C6ED500F1B8DD /* Utils */ = {
			isa = PBXGroup;
			children = (
				A41D9B152B9C6EE600F1B8DD /* Fonts */,
				A43B67392B6652A200BD5058 /* Extension */,
				A40156C82B6A20030013FEC1 /* Helper */,
			);
			path = Utils;
			sourceTree = "<group>";
		};
		A41D9B152B9C6EE600F1B8DD /* Fonts */ = {
			isa = PBXGroup;
			children = (
				A41D9B162B9C6EFA00F1B8DD /* PlayfairDisplay-Bold.ttf */,
				A41D9B172B9C6EFA00F1B8DD /* PlayfairDisplay-Regular.ttf */,
			);
			path = Fonts;
			sourceTree = "<group>";
		};
		A42575B02B67FD9400550999 /* Movie */ = {
			isa = PBXGroup;
			children = (
				A42575B22B67FE0800550999 /* MovieCardView.swift */,
				A43B67322B664AF500BD5058 /* MovieDetailView.swift */,
				A43B67362B6651A300BD5058 /* MovieRowView.swift */,
				A48CAAA52B6E37C3005F1E67 /* MoviesListTypesView.swift */,
				A4B315072B6757B600D0B796 /* NowPlayingMoviesListView.swift */,
				A4B315052B67563000D0B796 /* PopularMoviesListView.swift */,
				A43B67342B66515200BD5058 /* TopRatedMoviesListView.swift */,
				A48CAAA92B6E3873005F1E67 /* UpcomingMoviesListView.swift */,
			);
			path = Movie;
			sourceTree = "<group>";
		};
		A42575B12B67FD9D00550999 /* Cast */ = {
			isa = PBXGroup;
			children = (
				A44B1FAF2B67D5AE00478B79 /* CastCardView.swift */,
				A40901A82B68C919007318AF /* CastDetailView.swift */,
				A4C006FD2B70FA7300628EDF /* MovieCastListView.swift */,
				A4C007032B71256F00628EDF /* SeriesCastListView.swift */,
			);
			path = Cast;
			sourceTree = "<group>";
		};
		A428800E2B61823C00E13CD7 = {
			isa = PBXGroup;
			children = (
				A42880192B61823D00E13CD7 /* MoviesDatabase */,
				A42880182B61823D00E13CD7 /* Products */,
			);
			sourceTree = "<group>";
		};
		A42880182B61823D00E13CD7 /* Products */ = {
			isa = PBXGroup;
			children = (
				A42880172B61823D00E13CD7 /* MoviesDatabase.app */,
			);
			name = Products;
			sourceTree = "<group>";
		};
		A42880192B61823D00E13CD7 /* MoviesDatabase */ = {
			isa = PBXGroup;
			children = (
				A4C006FC2B70CAF500628EDF /* Info.plist */,
				A428801A2B61823D00E13CD7 /* MoviesDatabaseApp.swift */,
				A41D9B142B9C6ED500F1B8DD /* Utils */,
				A43B67282B6640CC00BD5058 /* Views */,
				A43B672B2B6640E800BD5058 /* ViewModels */,
				A43B67292B6640D200BD5058 /* API */,
				A43B672A2B6640DA00BD5058 /* Models */,
				A428801E2B61824100E13CD7 /* Assets.xcassets */,
				A42880202B61824100E13CD7 /* Preview Content */,
			);
			path = MoviesDatabase;
			sourceTree = "<group>";
		};
		A42880202B61824100E13CD7 /* Preview Content */ = {
			isa = PBXGroup;
			children = (
				A42880212B61824100E13CD7 /* Preview Assets.xcassets */,
			);
			path = "Preview Content";
			sourceTree = "<group>";
		};
		A43403D72B6F7B1000218760 /* Search */ = {
			isa = PBXGroup;
			children = (
				A43403D52B6F7A5200218760 /* SearchMovieViewModel.swift */,
				A43403DB2B6FD93800218760 /* SearchSeriesIViewModel.swift */,
			);
			path = Search;
			sourceTree = "<group>";
		};
		A43403D82B6F7B6800218760 /* Search */ = {
			isa = PBXGroup;
			children = (
				A43403D92B6F7B7A00218760 /* SearchView.swift */,
			);
			path = Search;
			sourceTree = "<group>";
		};
		A43B67282B6640CC00BD5058 /* Views */ = {
			isa = PBXGroup;
			children = (
				A44B1FA92B6788B600478B79 /* CircularProcessBarView.swift */,
				A428801C2B61823D00E13CD7 /* ContentView.swift */,
				A42575AE2B67FAA600550999 /* HomeView.swift */,
				A4CA95722B729E1B00BB4028 /* Recommendation */,
				A42575B12B67FD9D00550999 /* Cast */,
				A4CA95612B7202BB00BB4028 /* Keyword */,
				A4CA95592B71FAB600BB4028 /* Genres */,
				A4C007072B71272E00628EDF /* Image */,
				A42575B02B67FD9400550999 /* Movie */,
				A43403D82B6F7B6800218760 /* Search */,
				A48CAA952B6E35E6005F1E67 /* Series */,
			);
			path = Views;
			sourceTree = "<group>";
		};
		A43B67292B6640D200BD5058 /* API */ = {
			isa = PBXGroup;
			children = (
				A43B672C2B66479A00BD5058 /* APIService.swift */,
			);
			path = API;
			sourceTree = "<group>";
		};
		A43B672A2B6640DA00BD5058 /* Models */ = {
			isa = PBXGroup;
			children = (
				A44B1FAB2B67CDFB00478B79 /* Cast.swift */,
				A4CA955C2B72016400BB4028 /* Keyword.swift */,
				A4C006F62B70BD5700628EDF /* Images.swift */,
				A43B672E2B66483A00BD5058 /* Movie.swift */,
				A45452AB2B6B6FEF008D2438 /* MovieDetail.swift */,
				A4BFEB6A2B691E0900E23C72 /* People.swift */,
				A48CAA932B6E32F7005F1E67 /* Series.swift */,
				A41E96E32B6E957C0088C846 /* SeriesDetail.swift */,
			);
			path = Models;
			sourceTree = "<group>";
		};
		A43B672B2B6640E800BD5058 /* ViewModels */ = {
			isa = PBXGroup;
			children = (
				A4CA956F2B729B6A00BB4028 /* Recommendation */,
				A4CA955E2B7201D200BB4028 /* KeyWord */,
				A4CA95542B71EC3000BB4028 /* Image */,
				A4CA95512B71EB9E00BB4028 /* Genres */,
				A48CAA962B6E361D005F1E67 /* Cast */,
				A48CAA972B6E3622005F1E67 /* Movie */,
				A43403D72B6F7B1000218760 /* Search */,
				A48CAA982B6E3628005F1E67 /* Series */,
			);
			path = ViewModels;
			sourceTree = "<group>";
		};
		A43B67392B6652A200BD5058 /* Extension */ = {
			isa = PBXGroup;
			children = (
				A43B673A2B6652D400BD5058 /* UIScreen.swift */,
				A47FD6BE2B68DE3100EEC4C6 /* UIView.swift */,
				A47FD6BC2B68DDF500EEC4C6 /* Image.swift */,
				A47FD6BA2B68DDBC00EEC4C6 /* View.swift */,
			);
			path = Extension;
			sourceTree = "<group>";
		};
		A48CAA952B6E35E6005F1E67 /* Series */ = {
			isa = PBXGroup;
			children = (
				A41E96D52B6E4C2E0088C846 /* AiringTodaySeriesView.swift */,
				A41E96E12B6E5B210088C846 /* OnTheAirSeriesView.swift */,
				A41E96DD2B6E5B000088C846 /* PopularSeriesView.swift */,
				A43403DD2B6FDA1A00218760 /* SeriesCardView.swift */,
				A41E96D72B6E4E3B0088C846 /* SeriesDetailView.swift */,
				A41E96DB2B6E57CF0088C846 /* SeriesListTypesView.swift */,
				A41E96D92B6E4E4B0088C846 /* SeriesRowView.swift */,
				A41E96DF2B6E5B0F0088C846 /* TopRatedSeriesView.swift */,
			);
			path = Series;
			sourceTree = "<group>";
		};
		A48CAA962B6E361D005F1E67 /* Cast */ = {
			isa = PBXGroup;
			children = (
				A44B1FAD2B67D2F600478B79 /* CastMovieListViewModel.swift */,
				A41E96E72B6EAC360088C846 /* CastSeriesListViewModel.swift */,
				A4BFEB6C2B6927DD00E23C72 /* PeopleViewModel.swift */,
			);
			path = Cast;
			sourceTree = "<group>";
		};
		A48CAA972B6E3622005F1E67 /* Movie */ = {
			isa = PBXGroup;
			children = (
				A45452AD2B6B7276008D2438 /* MovieDetailViewModel.swift */,
				A4B315092B6757C700D0B796 /* NowPlayingMoviesViewModel.swift */,
				A4B315032B67556800D0B796 /* PopularMoviesViewModel.swift */,
				A43B67302B66484A00BD5058 /* TopRatedMoviesViewModel.swift */,
				A40901A62B68B1C5007318AF /* TrendingMovieViewModel.swift */,
				A48CAAA32B6E36EA005F1E67 /* UpcomingMoviesViewModel.swift */,
			);
			path = Movie;
			sourceTree = "<group>";
		};
		A48CAA982B6E3628005F1E67 /* Series */ = {
			isa = PBXGroup;
			children = (
				A48CAA992B6E3667005F1E67 /* AiringTodaySeriesViewModel.swift */,
				A48CAA9B2B6E3675005F1E67 /* OnTheAirSeriesViewModel.swift */,
				A48CAA9D2B6E3682005F1E67 /* PopularSeriesViewModel.swift */,
				A41E96E52B6E978D0088C846 /* SeriesDetailViewModel.swift */,
				A48CAA9F2B6E3691005F1E67 /* TopRatedSeriesViewModel.swift */,
			);
			path = Series;
			sourceTree = "<group>";
		};
		A4C007072B71272E00628EDF /* Image */ = {
			isa = PBXGroup;
			children = (
				A4C006FA2B70BFF100628EDF /* ImageView.swift */,
				A4C007052B71272900628EDF /* MovieImagesView.swift */,
				A4C007082B7127B300628EDF /* SeriesImagesView.swift */,
			);
			path = Image;
			sourceTree = "<group>";
		};
		A4CA95512B71EB9E00BB4028 /* Genres */ = {
			isa = PBXGroup;
			children = (
				A4CA95522B71EBD300BB4028 /* MovieGenresViewModel.swift */,
				A4CA95552B71F22400BB4028 /* SeriesGenresViewModel.swift */,
			);
			path = Genres;
			sourceTree = "<group>";
		};
		A4CA95542B71EC3000BB4028 /* Image */ = {
			isa = PBXGroup;
			children = (
				A4C006F82B70BE8000628EDF /* ImagesViewModel.swift */,
			);
			path = Image;
			sourceTree = "<group>";
		};
		A4CA95592B71FAB600BB4028 /* Genres */ = {
			isa = PBXGroup;
			children = (
				A4CA95572B71F26300BB4028 /* MoviesGenresView.swift */,
				A4CA955A2B71FB4600BB4028 /* SeriesGenresView.swift */,
			);
			path = Genres;
			sourceTree = "<group>";
		};
		A4CA955E2B7201D200BB4028 /* KeyWord */ = {
			isa = PBXGroup;
			children = (
				A4CA955F2B7201E700BB4028 /* KeywordViewModel.swift */,
				A4CA95652B72108400BB4028 /* KeywordMovieListViewModel.swift */,
				A4CA95692B722B1200BB4028 /* KeywordSeriesListViewModel.swift */,
			);
			path = KeyWord;
			sourceTree = "<group>";
		};
		A4CA95612B7202BB00BB4028 /* Keyword */ = {
			isa = PBXGroup;
			children = (
				A4CA95632B7203AA00BB4028 /* KeywordMovieListView.swift */,
				A4CA95672B72110800BB4028 /* MovieKeywordListView.swift */,
				A4CA956B2B722BC800BB4028 /* SeriesKeywordListView.swift */,
				A4CA956D2B722C0400BB4028 /* KeywordSeriesListView.swift */,
			);
			path = Keyword;
			sourceTree = "<group>";
		};
		A4CA956F2B729B6A00BB4028 /* Recommendation */ = {
			isa = PBXGroup;
			children = (
				A4CA95702B729C0100BB4028 /* MovieRecommendationViewModel.swift */,
				A4D89F592B74E88B008C2677 /* SeriesRecommendationViewModel.swift */,
			);
			path = Recommendation;
			sourceTree = "<group>";
		};
		A4CA95722B729E1B00BB4028 /* Recommendation */ = {
			isa = PBXGroup;
			children = (
				A4CA95732B729E3400BB4028 /* MovieRecommendationView.swift */,
				A4D89F572B74E870008C2677 /* SeriesRecommendationView.swift */,
			);
			path = Recommendation;
			sourceTree = "<group>";
		};
/* End PBXGroup section */

/* Begin PBXNativeTarget section */
		A42880162B61823D00E13CD7 /* MoviesDatabase */ = {
			isa = PBXNativeTarget;
			buildConfigurationList = A42880252B61824100E13CD7 /* Build configuration list for PBXNativeTarget "MoviesDatabase" */;
			buildPhases = (
				A42880132B61823D00E13CD7 /* Sources */,
				A42880142B61823D00E13CD7 /* Frameworks */,
				A42880152B61823D00E13CD7 /* Resources */,
			);
			buildRules = (
			);
			dependencies = (
			);
			name = MoviesDatabase;
			productName = MoviesDatabase;
			productReference = A42880172B61823D00E13CD7 /* MoviesDatabase.app */;
			productType = "com.apple.product-type.application";
		};
/* End PBXNativeTarget section */

/* Begin PBXProject section */
		A428800F2B61823C00E13CD7 /* Project object */ = {
			isa = PBXProject;
			attributes = {
				BuildIndependentTargetsInParallel = 1;
				LastSwiftUpdateCheck = 1420;
				LastUpgradeCheck = 1420;
				TargetAttributes = {
					A42880162B61823D00E13CD7 = {
						CreatedOnToolsVersion = 14.2;
					};
				};
			};
			buildConfigurationList = A42880122B61823C00E13CD7 /* Build configuration list for PBXProject "MoviesDatabase" */;
			compatibilityVersion = "Xcode 14.0";
			developmentRegion = en;
			hasScannedForEncodings = 0;
			knownRegions = (
				en,
				Base,
				"en-GB",
			);
			mainGroup = A428800E2B61823C00E13CD7;
			productRefGroup = A42880182B61823D00E13CD7 /* Products */;
			projectDirPath = "";
			projectRoot = "";
			targets = (
				A42880162B61823D00E13CD7 /* MoviesDatabase */,
			);
		};
/* End PBXProject section */

/* Begin PBXResourcesBuildPhase section */
		A42880152B61823D00E13CD7 /* Resources */ = {
			isa = PBXResourcesBuildPhase;
			buildActionMask = 2147483647;
			files = (
				A41D9B182B9C703600F1B8DD /* PlayfairDisplay-Bold.ttf in Resources */,
				A41D9B192B9C703600F1B8DD /* PlayfairDisplay-Regular.ttf in Resources */,
				A42880222B61824100E13CD7 /* Preview Assets.xcassets in Resources */,
				A428801F2B61824100E13CD7 /* Assets.xcassets in Resources */,
			);
			runOnlyForDeploymentPostprocessing = 0;
		};
/* End PBXResourcesBuildPhase section */

/* Begin PBXSourcesBuildPhase section */
		A42880132B61823D00E13CD7 /* Sources */ = {
			isa = PBXSourcesBuildPhase;
			buildActionMask = 2147483647;
			files = (
				A4D89F582B74E870008C2677 /* SeriesRecommendationView.swift in Sources */,
				A44B1FAC2B67CDFB00478B79 /* Cast.swift in Sources */,
				A47FD6BD2B68DDF500EEC4C6 /* Image.swift in Sources */,
				A40156CA2B6A201B0013FEC1 /* ExempleData.swift in Sources */,
				A4CA955B2B71FB4600BB4028 /* SeriesGenresView.swift in Sources */,
				A4C007062B71272900628EDF /* MovieImagesView.swift in Sources */,
				A43B67332B664AF500BD5058 /* MovieDetailView.swift in Sources */,
				A48CAA9A2B6E3667005F1E67 /* AiringTodaySeriesViewModel.swift in Sources */,
				A4C007002B710CB300628EDF /* Constants.swift in Sources */,
				A4D89F5A2B74E88B008C2677 /* SeriesRecommendationViewModel.swift in Sources */,
				A4C007092B7127B300628EDF /* SeriesImagesView.swift in Sources */,
				A4CA95562B71F22400BB4028 /* SeriesGenresViewModel.swift in Sources */,
				A4CA95712B729C0300BB4028 /* MovieRecommendationViewModel.swift in Sources */,
				A43B672F2B66483A00BD5058 /* Movie.swift in Sources */,
				A428801D2B61823D00E13CD7 /* ContentView.swift in Sources */,
				A4CA956E2B722C0400BB4028 /* KeywordSeriesListView.swift in Sources */,
				A43403DE2B6FDA1A00218760 /* SeriesCardView.swift in Sources */,
				A4CA955D2B72016400BB4028 /* Keyword.swift in Sources */,
				A4C006F92B70BE8000628EDF /* ImagesViewModel.swift in Sources */,
				A40901A92B68C919007318AF /* CastDetailView.swift in Sources */,
				A41E96E02B6E5B0F0088C846 /* TopRatedSeriesView.swift in Sources */,
				A43403D62B6F7A5200218760 /* SearchMovieViewModel.swift in Sources */,
				A4CA95642B7203AA00BB4028 /* KeywordMovieListView.swift in Sources */,
				A4B315082B6757B600D0B796 /* NowPlayingMoviesListView.swift in Sources */,
				A4B315042B67556800D0B796 /* PopularMoviesViewModel.swift in Sources */,
				A48CAAA02B6E3691005F1E67 /* TopRatedSeriesViewModel.swift in Sources */,
				A4C006F72B70BD5700628EDF /* Images.swift in Sources */,
				A48CAAA42B6E36EA005F1E67 /* UpcomingMoviesViewModel.swift in Sources */,
				A4CA95602B7201E700BB4028 /* KeywordViewModel.swift in Sources */,
				A43B672D2B66479A00BD5058 /* APIService.swift in Sources */,
				A44B1FAA2B6788B600478B79 /* CircularProcessBarView.swift in Sources */,
				A4BFEB6D2B6927DD00E23C72 /* PeopleViewModel.swift in Sources */,
				A41E96E62B6E978D0088C846 /* SeriesDetailViewModel.swift in Sources */,
				A41E96D62B6E4C2E0088C846 /* AiringTodaySeriesView.swift in Sources */,
				A47FD6BB2B68DDBC00EEC4C6 /* View.swift in Sources */,
				A4CA95742B729E3400BB4028 /* MovieRecommendationView.swift in Sources */,
				A41E96DC2B6E57CF0088C846 /* SeriesListTypesView.swift in Sources */,
				A43B673B2B6652D400BD5058 /* UIScreen.swift in Sources */,
				A4BFEB6B2B691E0900E23C72 /* People.swift in Sources */,
				A40156CC2B6A840E0013FEC1 /* BackgroundImage.swift in Sources */,
				A41E96DA2B6E4E4B0088C846 /* SeriesRowView.swift in Sources */,
				A43403DC2B6FD93800218760 /* SearchSeriesIViewModel.swift in Sources */,
				A4CA95532B71EBD300BB4028 /* MovieGenresViewModel.swift in Sources */,
				A4C007022B710E9600628EDF /* Utils.swift in Sources */,
				A4CA95582B71F26300BB4028 /* MoviesGenresView.swift in Sources */,
				A4CA95662B72108400BB4028 /* KeywordMovieListViewModel.swift in Sources */,
				A48CAA9C2B6E3675005F1E67 /* OnTheAirSeriesViewModel.swift in Sources */,
				A41E96D82B6E4E3B0088C846 /* SeriesDetailView.swift in Sources */,
				A4CA956A2B722B1200BB4028 /* KeywordSeriesListViewModel.swift in Sources */,
				A43B67372B6651A300BD5058 /* MovieRowView.swift in Sources */,
				A4CA956C2B722BC800BB4028 /* SeriesKeywordListView.swift in Sources */,
				A41E96E82B6EAC360088C846 /* CastSeriesListViewModel.swift in Sources */,
				A42575B32B67FE0800550999 /* MovieCardView.swift in Sources */,
				A41E96DE2B6E5B000088C846 /* PopularSeriesView.swift in Sources */,
				A43B67312B66484A00BD5058 /* TopRatedMoviesViewModel.swift in Sources */,
				A40901A72B68B1C5007318AF /* TrendingMovieViewModel.swift in Sources */,
				A4C006FE2B70FA7300628EDF /* MovieCastListView.swift in Sources */,
				A48CAAA62B6E37C3005F1E67 /* MoviesListTypesView.swift in Sources */,
				A41E96E42B6E957C0088C846 /* SeriesDetail.swift in Sources */,
				A4C006FB2B70BFF100628EDF /* ImageView.swift in Sources */,
				A48CAA9E2B6E3682005F1E67 /* PopularSeriesViewModel.swift in Sources */,
				A45452AE2B6B7276008D2438 /* MovieDetailViewModel.swift in Sources */,
				A48CAAAA2B6E3873005F1E67 /* UpcomingMoviesListView.swift in Sources */,
				A44B1FAE2B67D2F600478B79 /* CastMovieListViewModel.swift in Sources */,
				A43403DA2B6F7B7A00218760 /* SearchView.swift in Sources */,
				A43B67352B66515200BD5058 /* TopRatedMoviesListView.swift in Sources */,
				A428801B2B61823D00E13CD7 /* MoviesDatabaseApp.swift in Sources */,
				A47FD6BF2B68DE3100EEC4C6 /* UIView.swift in Sources */,
				A4C007042B71256F00628EDF /* SeriesCastListView.swift in Sources */,
				A4B315062B67563000D0B796 /* PopularMoviesListView.swift in Sources */,
				A4B3150A2B6757C700D0B796 /* NowPlayingMoviesViewModel.swift in Sources */,
				A45452AC2B6B6FEF008D2438 /* MovieDetail.swift in Sources */,
				A44B1FB02B67D5AE00478B79 /* CastCardView.swift in Sources */,
				A41E96E22B6E5B210088C846 /* OnTheAirSeriesView.swift in Sources */,
				A48CAA942B6E32F7005F1E67 /* Series.swift in Sources */,
				A42575AF2B67FAA600550999 /* HomeView.swift in Sources */,
				A4CA95682B72110800BB4028 /* MovieKeywordListView.swift in Sources */,
			);
			runOnlyForDeploymentPostprocessing = 0;
		};
/* End PBXSourcesBuildPhase section */

/* Begin XCBuildConfiguration section */
		A42880232B61824100E13CD7 /* Debug */ = {
			isa = XCBuildConfiguration;
			buildSettings = {
				ALWAYS_SEARCH_USER_PATHS = NO;
				CLANG_ANALYZER_NONNULL = YES;
				CLANG_ANALYZER_NUMBER_OBJECT_CONVERSION = YES_AGGRESSIVE;
				CLANG_CXX_LANGUAGE_STANDARD = "gnu++20";
				CLANG_ENABLE_MODULES = YES;
				CLANG_ENABLE_OBJC_ARC = YES;
				CLANG_ENABLE_OBJC_WEAK = YES;
				CLANG_WARN_BLOCK_CAPTURE_AUTORELEASING = YES;
				CLANG_WARN_BOOL_CONVERSION = YES;
				CLANG_WARN_COMMA = YES;
				CLANG_WARN_CONSTANT_CONVERSION = YES;
				CLANG_WARN_DEPRECATED_OBJC_IMPLEMENTATIONS = YES;
				CLANG_WARN_DIRECT_OBJC_ISA_USAGE = YES_ERROR;
				CLANG_WARN_DOCUMENTATION_COMMENTS = YES;
				CLANG_WARN_EMPTY_BODY = YES;
				CLANG_WARN_ENUM_CONVERSION = YES;
				CLANG_WARN_INFINITE_RECURSION = YES;
				CLANG_WARN_INT_CONVERSION = YES;
				CLANG_WARN_NON_LITERAL_NULL_CONVERSION = YES;
				CLANG_WARN_OBJC_IMPLICIT_RETAIN_SELF = YES;
				CLANG_WARN_OBJC_LITERAL_CONVERSION = YES;
				CLANG_WARN_OBJC_ROOT_CLASS = YES_ERROR;
				CLANG_WARN_QUOTED_INCLUDE_IN_FRAMEWORK_HEADER = YES;
				CLANG_WARN_RANGE_LOOP_ANALYSIS = YES;
				CLANG_WARN_STRICT_PROTOTYPES = YES;
				CLANG_WARN_SUSPICIOUS_MOVE = YES;
				CLANG_WARN_UNGUARDED_AVAILABILITY = YES_AGGRESSIVE;
				CLANG_WARN_UNREACHABLE_CODE = YES;
				CLANG_WARN__DUPLICATE_METHOD_MATCH = YES;
				COPY_PHASE_STRIP = NO;
				DEBUG_INFORMATION_FORMAT = dwarf;
				ENABLE_STRICT_OBJC_MSGSEND = YES;
				ENABLE_TESTABILITY = YES;
				GCC_C_LANGUAGE_STANDARD = gnu11;
				GCC_DYNAMIC_NO_PIC = NO;
				GCC_NO_COMMON_BLOCKS = YES;
				GCC_OPTIMIZATION_LEVEL = 0;
				GCC_PREPROCESSOR_DEFINITIONS = (
					"DEBUG=1",
					"$(inherited)",
				);
				GCC_WARN_64_TO_32_BIT_CONVERSION = YES;
				GCC_WARN_ABOUT_RETURN_TYPE = YES_ERROR;
				GCC_WARN_UNDECLARED_SELECTOR = YES;
				GCC_WARN_UNINITIALIZED_AUTOS = YES_AGGRESSIVE;
				GCC_WARN_UNUSED_FUNCTION = YES;
				GCC_WARN_UNUSED_VARIABLE = YES;
				IPHONEOS_DEPLOYMENT_TARGET = 15.0;
				MTL_ENABLE_DEBUG_INFO = INCLUDE_SOURCE;
				MTL_FAST_MATH = YES;
				ONLY_ACTIVE_ARCH = YES;
				SDKROOT = iphoneos;
				SWIFT_ACTIVE_COMPILATION_CONDITIONS = DEBUG;
				SWIFT_OPTIMIZATION_LEVEL = "-Onone";
			};
			name = Debug;
		};
		A42880242B61824100E13CD7 /* Release */ = {
			isa = XCBuildConfiguration;
			buildSettings = {
				ALWAYS_SEARCH_USER_PATHS = NO;
				CLANG_ANALYZER_NONNULL = YES;
				CLANG_ANALYZER_NUMBER_OBJECT_CONVERSION = YES_AGGRESSIVE;
				CLANG_CXX_LANGUAGE_STANDARD = "gnu++20";
				CLANG_ENABLE_MODULES = YES;
				CLANG_ENABLE_OBJC_ARC = YES;
				CLANG_ENABLE_OBJC_WEAK = YES;
				CLANG_WARN_BLOCK_CAPTURE_AUTORELEASING = YES;
				CLANG_WARN_BOOL_CONVERSION = YES;
				CLANG_WARN_COMMA = YES;
				CLANG_WARN_CONSTANT_CONVERSION = YES;
				CLANG_WARN_DEPRECATED_OBJC_IMPLEMENTATIONS = YES;
				CLANG_WARN_DIRECT_OBJC_ISA_USAGE = YES_ERROR;
				CLANG_WARN_DOCUMENTATION_COMMENTS = YES;
				CLANG_WARN_EMPTY_BODY = YES;
				CLANG_WARN_ENUM_CONVERSION = YES;
				CLANG_WARN_INFINITE_RECURSION = YES;
				CLANG_WARN_INT_CONVERSION = YES;
				CLANG_WARN_NON_LITERAL_NULL_CONVERSION = YES;
				CLANG_WARN_OBJC_IMPLICIT_RETAIN_SELF = YES;
				CLANG_WARN_OBJC_LITERAL_CONVERSION = YES;
				CLANG_WARN_OBJC_ROOT_CLASS = YES_ERROR;
				CLANG_WARN_QUOTED_INCLUDE_IN_FRAMEWORK_HEADER = YES;
				CLANG_WARN_RANGE_LOOP_ANALYSIS = YES;
				CLANG_WARN_STRICT_PROTOTYPES = YES;
				CLANG_WARN_SUSPICIOUS_MOVE = YES;
				CLANG_WARN_UNGUARDED_AVAILABILITY = YES_AGGRESSIVE;
				CLANG_WARN_UNREACHABLE_CODE = YES;
				CLANG_WARN__DUPLICATE_METHOD_MATCH = YES;
				COPY_PHASE_STRIP = NO;
				DEBUG_INFORMATION_FORMAT = "dwarf-with-dsym";
				ENABLE_NS_ASSERTIONS = NO;
				ENABLE_STRICT_OBJC_MSGSEND = YES;
				GCC_C_LANGUAGE_STANDARD = gnu11;
				GCC_NO_COMMON_BLOCKS = YES;
				GCC_WARN_64_TO_32_BIT_CONVERSION = YES;
				GCC_WARN_ABOUT_RETURN_TYPE = YES_ERROR;
				GCC_WARN_UNDECLARED_SELECTOR = YES;
				GCC_WARN_UNINITIALIZED_AUTOS = YES_AGGRESSIVE;
				GCC_WARN_UNUSED_FUNCTION = YES;
				GCC_WARN_UNUSED_VARIABLE = YES;
				IPHONEOS_DEPLOYMENT_TARGET = 15.0;
				MTL_ENABLE_DEBUG_INFO = NO;
				MTL_FAST_MATH = YES;
				SDKROOT = iphoneos;
				SWIFT_COMPILATION_MODE = wholemodule;
				SWIFT_OPTIMIZATION_LEVEL = "-O";
				VALIDATE_PRODUCT = YES;
			};
			name = Release;
		};
		A42880262B61824100E13CD7 /* Debug */ = {
			isa = XCBuildConfiguration;
			buildSettings = {
				ASSETCATALOG_COMPILER_APPICON_NAME = AppIcon;
				ASSETCATALOG_COMPILER_GLOBAL_ACCENT_COLOR_NAME = AccentColor;
				CODE_SIGN_STYLE = Automatic;
				CURRENT_PROJECT_VERSION = 1;
				DEVELOPMENT_ASSET_PATHS = "\"MoviesDatabase/Preview Content\"";
				DEVELOPMENT_TEAM = W7C6394PMD;
				ENABLE_PREVIEWS = YES;
				GENERATE_INFOPLIST_FILE = YES;
				INFOPLIST_FILE = MoviesDatabase/Info.plist;
				INFOPLIST_KEY_CFBundleDisplayName = TMDB;
				INFOPLIST_KEY_NSPhotoLibraryAddUsageDescription = "";
				INFOPLIST_KEY_UIApplicationSceneManifest_Generation = YES;
				INFOPLIST_KEY_UIApplicationSupportsIndirectInputEvents = YES;
				INFOPLIST_KEY_UILaunchScreen_Generation = YES;
				INFOPLIST_KEY_UISupportedInterfaceOrientations_iPad = "UIInterfaceOrientationPortrait UIInterfaceOrientationPortraitUpsideDown UIInterfaceOrientationLandscapeLeft UIInterfaceOrientationLandscapeRight";
				INFOPLIST_KEY_UISupportedInterfaceOrientations_iPhone = "UIInterfaceOrientationPortrait UIInterfaceOrientationLandscapeLeft UIInterfaceOrientationLandscapeRight";
				IPHONEOS_DEPLOYMENT_TARGET = 15.0;
				LD_RUNPATH_SEARCH_PATHS = (
					"$(inherited)",
					"@executable_path/Frameworks",
				);
				MARKETING_VERSION = 1.0;
				PRODUCT_BUNDLE_IDENTIFIER = com.baohieu.MoviesDatabase;
				PRODUCT_NAME = "$(TARGET_NAME)";
				SWIFT_EMIT_LOC_STRINGS = YES;
				SWIFT_VERSION = 5.0;
				TARGETED_DEVICE_FAMILY = "1,2";
			};
			name = Debug;
		};
		A42880272B61824100E13CD7 /* Release */ = {
			isa = XCBuildConfiguration;
			buildSettings = {
				ASSETCATALOG_COMPILER_APPICON_NAME = AppIcon;
				ASSETCATALOG_COMPILER_GLOBAL_ACCENT_COLOR_NAME = AccentColor;
				CODE_SIGN_STYLE = Automatic;
				CURRENT_PROJECT_VERSION = 1;
				DEVELOPMENT_ASSET_PATHS = "\"MoviesDatabase/Preview Content\"";
				DEVELOPMENT_TEAM = W7C6394PMD;
				ENABLE_PREVIEWS = YES;
				GENERATE_INFOPLIST_FILE = YES;
				INFOPLIST_FILE = MoviesDatabase/Info.plist;
				INFOPLIST_KEY_CFBundleDisplayName = TMDB;
				INFOPLIST_KEY_NSPhotoLibraryAddUsageDescription = "";
				INFOPLIST_KEY_UIApplicationSceneManifest_Generation = YES;
				INFOPLIST_KEY_UIApplicationSupportsIndirectInputEvents = YES;
				INFOPLIST_KEY_UILaunchScreen_Generation = YES;
				INFOPLIST_KEY_UISupportedInterfaceOrientations_iPad = "UIInterfaceOrientationPortrait UIInterfaceOrientationPortraitUpsideDown UIInterfaceOrientationLandscapeLeft UIInterfaceOrientationLandscapeRight";
				INFOPLIST_KEY_UISupportedInterfaceOrientations_iPhone = "UIInterfaceOrientationPortrait UIInterfaceOrientationLandscapeLeft UIInterfaceOrientationLandscapeRight";
				IPHONEOS_DEPLOYMENT_TARGET = 15.0;
				LD_RUNPATH_SEARCH_PATHS = (
					"$(inherited)",
					"@executable_path/Frameworks",
				);
				MARKETING_VERSION = 1.0;
				PRODUCT_BUNDLE_IDENTIFIER = com.baohieu.MoviesDatabase;
				PRODUCT_NAME = "$(TARGET_NAME)";
				SWIFT_EMIT_LOC_STRINGS = YES;
				SWIFT_VERSION = 5.0;
				TARGETED_DEVICE_FAMILY = "1,2";
			};
			name = Release;
		};
/* End XCBuildConfiguration section */

/* Begin XCConfigurationList section */
		A42880122B61823C00E13CD7 /* Build configuration list for PBXProject "MoviesDatabase" */ = {
			isa = XCConfigurationList;
			buildConfigurations = (
				A42880232B61824100E13CD7 /* Debug */,
				A42880242B61824100E13CD7 /* Release */,
			);
			defaultConfigurationIsVisible = 0;
			defaultConfigurationName = Release;
		};
		A42880252B61824100E13CD7 /* Build configuration list for PBXNativeTarget "MoviesDatabase" */ = {
			isa = XCConfigurationList;
			buildConfigurations = (
				A42880262B61824100E13CD7 /* Debug */,
				A42880272B61824100E13CD7 /* Release */,
			);
			defaultConfigurationIsVisible = 0;
			defaultConfigurationName = Release;
		};
/* End XCConfigurationList section */
	};
	rootObject = A428800F2B61823C00E13CD7 /* Project object */;
}
