// !$*UTF8*$!
{
	archiveVersion = 1;
	classes = {
	};
	objectVersion = 56;
	objects = {

/* Begin PBXBuildFile section */
		A428801B2B61823D00E13CD7 /* MoviesDatabaseApp.swift in Sources */ = {isa = PBXBuildFile; fileRef = A428801A2B61823D00E13CD7 /* MoviesDatabaseApp.swift */; };
		A428801D2B61823D00E13CD7 /* ContentView.swift in Sources */ = {isa = PBXBuildFile; fileRef = A428801C2B61823D00E13CD7 /* ContentView.swift */; };
		A428801F2B61824100E13CD7 /* Assets.xcassets in Resources */ = {isa = PBXBuildFile; fileRef = A428801E2B61824100E13CD7 /* Assets.xcassets */; };
		A42880222B61824100E13CD7 /* Preview Assets.xcassets in Resources */ = {isa = PBXBuildFile; fileRef = A42880212B61824100E13CD7 /* Preview Assets.xcassets */; };
		A43B672D2B66479A00BD5058 /* APIService.swift in Sources */ = {isa = PBXBuildFile; fileRef = A43B672C2B66479A00BD5058 /* APIService.swift */; };
		A43B672F2B66483A00BD5058 /* Movie.swift in Sources */ = {isa = PBXBuildFile; fileRef = A43B672E2B66483A00BD5058 /* Movie.swift */; };
		A43B67312B66484A00BD5058 /* TopRatedMoviesViewModel.swift in Sources */ = {isa = PBXBuildFile; fileRef = A43B67302B66484A00BD5058 /* TopRatedMoviesViewModel.swift */; };
		A43B67332B664AF500BD5058 /* MovieDetailView.swift in Sources */ = {isa = PBXBuildFile; fileRef = A43B67322B664AF500BD5058 /* MovieDetailView.swift */; };
		A43B67352B66515200BD5058 /* TopRatedMoviesListView.swift in Sources */ = {isa = PBXBuildFile; fileRef = A43B67342B66515200BD5058 /* TopRatedMoviesListView.swift */; };
		A43B67372B6651A300BD5058 /* MovieRowView.swift in Sources */ = {isa = PBXBuildFile; fileRef = A43B67362B6651A300BD5058 /* MovieRowView.swift */; };
		A43B673B2B6652D400BD5058 /* UIScreen.swift in Sources */ = {isa = PBXBuildFile; fileRef = A43B673A2B6652D400BD5058 /* UIScreen.swift */; };
		A44B1FAA2B6788B600478B79 /* CircularProcessBarView.swift in Sources */ = {isa = PBXBuildFile; fileRef = A44B1FA92B6788B600478B79 /* CircularProcessBarView.swift */; };
		A44B1FAC2B67CDFB00478B79 /* Cast.swift in Sources */ = {isa = PBXBuildFile; fileRef = A44B1FAB2B67CDFB00478B79 /* Cast.swift */; };
		A44B1FAE2B67D2F600478B79 /* CastListViewModel.swift in Sources */ = {isa = PBXBuildFile; fileRef = A44B1FAD2B67D2F600478B79 /* CastListViewModel.swift */; };
		A44B1FB02B67D5AE00478B79 /* CastCardView.swift in Sources */ = {isa = PBXBuildFile; fileRef = A44B1FAF2B67D5AE00478B79 /* CastCardView.swift */; };
		A4B315022B674E2700D0B796 /* SideMenu.swift in Sources */ = {isa = PBXBuildFile; fileRef = A4B315012B674E2700D0B796 /* SideMenu.swift */; };
		A4B315042B67556800D0B796 /* PopularMoviesViewModel.swift in Sources */ = {isa = PBXBuildFile; fileRef = A4B315032B67556800D0B796 /* PopularMoviesViewModel.swift */; };
		A4B315062B67563000D0B796 /* PopularMoviesListView.swift in Sources */ = {isa = PBXBuildFile; fileRef = A4B315052B67563000D0B796 /* PopularMoviesListView.swift */; };
		A4B315082B6757B600D0B796 /* NowPlayingMoviesListView.swift in Sources */ = {isa = PBXBuildFile; fileRef = A4B315072B6757B600D0B796 /* NowPlayingMoviesListView.swift */; };
		A4B3150A2B6757C700D0B796 /* NowPlayingMoviesViewModel.swift in Sources */ = {isa = PBXBuildFile; fileRef = A4B315092B6757C700D0B796 /* NowPlayingMoviesViewModel.swift */; };
/* End PBXBuildFile section */

/* Begin PBXFileReference section */
		A42880172B61823D00E13CD7 /* MoviesDatabase.app */ = {isa = PBXFileReference; explicitFileType = wrapper.application; includeInIndex = 0; path = MoviesDatabase.app; sourceTree = BUILT_PRODUCTS_DIR; };
		A428801A2B61823D00E13CD7 /* MoviesDatabaseApp.swift */ = {isa = PBXFileReference; lastKnownFileType = sourcecode.swift; path = MoviesDatabaseApp.swift; sourceTree = "<group>"; };
		A428801C2B61823D00E13CD7 /* ContentView.swift */ = {isa = PBXFileReference; lastKnownFileType = sourcecode.swift; path = ContentView.swift; sourceTree = "<group>"; };
		A428801E2B61824100E13CD7 /* Assets.xcassets */ = {isa = PBXFileReference; lastKnownFileType = folder.assetcatalog; path = Assets.xcassets; sourceTree = "<group>"; };
		A42880212B61824100E13CD7 /* Preview Assets.xcassets */ = {isa = PBXFileReference; lastKnownFileType = folder.assetcatalog; path = "Preview Assets.xcassets"; sourceTree = "<group>"; };
		A43B672C2B66479A00BD5058 /* APIService.swift */ = {isa = PBXFileReference; lastKnownFileType = sourcecode.swift; path = APIService.swift; sourceTree = "<group>"; };
		A43B672E2B66483A00BD5058 /* Movie.swift */ = {isa = PBXFileReference; lastKnownFileType = sourcecode.swift; path = Movie.swift; sourceTree = "<group>"; };
		A43B67302B66484A00BD5058 /* TopRatedMoviesViewModel.swift */ = {isa = PBXFileReference; lastKnownFileType = sourcecode.swift; path = TopRatedMoviesViewModel.swift; sourceTree = "<group>"; };
		A43B67322B664AF500BD5058 /* MovieDetailView.swift */ = {isa = PBXFileReference; lastKnownFileType = sourcecode.swift; path = MovieDetailView.swift; sourceTree = "<group>"; };
		A43B67342B66515200BD5058 /* TopRatedMoviesListView.swift */ = {isa = PBXFileReference; lastKnownFileType = sourcecode.swift; path = TopRatedMoviesListView.swift; sourceTree = "<group>"; };
		A43B67362B6651A300BD5058 /* MovieRowView.swift */ = {isa = PBXFileReference; lastKnownFileType = sourcecode.swift; path = MovieRowView.swift; sourceTree = "<group>"; };
		A43B673A2B6652D400BD5058 /* UIScreen.swift */ = {isa = PBXFileReference; lastKnownFileType = sourcecode.swift; path = UIScreen.swift; sourceTree = "<group>"; };
		A44B1FA92B6788B600478B79 /* CircularProcessBarView.swift */ = {isa = PBXFileReference; lastKnownFileType = sourcecode.swift; path = CircularProcessBarView.swift; sourceTree = "<group>"; };
		A44B1FAB2B67CDFB00478B79 /* Cast.swift */ = {isa = PBXFileReference; lastKnownFileType = sourcecode.swift; path = Cast.swift; sourceTree = "<group>"; };
		A44B1FAD2B67D2F600478B79 /* CastListViewModel.swift */ = {isa = PBXFileReference; lastKnownFileType = sourcecode.swift; path = CastListViewModel.swift; sourceTree = "<group>"; };
		A44B1FAF2B67D5AE00478B79 /* CastCardView.swift */ = {isa = PBXFileReference; lastKnownFileType = sourcecode.swift; path = CastCardView.swift; sourceTree = "<group>"; };
		A4B315012B674E2700D0B796 /* SideMenu.swift */ = {isa = PBXFileReference; lastKnownFileType = sourcecode.swift; path = SideMenu.swift; sourceTree = "<group>"; };
		A4B315032B67556800D0B796 /* PopularMoviesViewModel.swift */ = {isa = PBXFileReference; lastKnownFileType = sourcecode.swift; path = PopularMoviesViewModel.swift; sourceTree = "<group>"; };
		A4B315052B67563000D0B796 /* PopularMoviesListView.swift */ = {isa = PBXFileReference; lastKnownFileType = sourcecode.swift; path = PopularMoviesListView.swift; sourceTree = "<group>"; };
		A4B315072B6757B600D0B796 /* NowPlayingMoviesListView.swift */ = {isa = PBXFileReference; lastKnownFileType = sourcecode.swift; path = NowPlayingMoviesListView.swift; sourceTree = "<group>"; };
		A4B315092B6757C700D0B796 /* NowPlayingMoviesViewModel.swift */ = {isa = PBXFileReference; lastKnownFileType = sourcecode.swift; path = NowPlayingMoviesViewModel.swift; sourceTree = "<group>"; };
/* End PBXFileReference section */

/* Begin PBXFrameworksBuildPhase section */
		A42880142B61823D00E13CD7 /* Frameworks */ = {
			isa = PBXFrameworksBuildPhase;
			buildActionMask = 2147483647;
			files = (
			);
			runOnlyForDeploymentPostprocessing = 0;
		};
/* End PBXFrameworksBuildPhase section */

/* Begin PBXGroup section */
		A428800E2B61823C00E13CD7 = {
			isa = PBXGroup;
			children = (
				A42880192B61823D00E13CD7 /* MoviesDatabase */,
				A42880182B61823D00E13CD7 /* Products */,
			);
			sourceTree = "<group>";
		};
		A42880182B61823D00E13CD7 /* Products */ = {
			isa = PBXGroup;
			children = (
				A42880172B61823D00E13CD7 /* MoviesDatabase.app */,
			);
			name = Products;
			sourceTree = "<group>";
		};
		A42880192B61823D00E13CD7 /* MoviesDatabase */ = {
			isa = PBXGroup;
			children = (
				A428801A2B61823D00E13CD7 /* MoviesDatabaseApp.swift */,
				A43B67392B6652A200BD5058 /* Extension */,
				A43B67282B6640CC00BD5058 /* Views */,
				A43B672B2B6640E800BD5058 /* ViewModels */,
				A43B67292B6640D200BD5058 /* API */,
				A43B672A2B6640DA00BD5058 /* Models */,
				A428801E2B61824100E13CD7 /* Assets.xcassets */,
				A42880202B61824100E13CD7 /* Preview Content */,
			);
			path = MoviesDatabase;
			sourceTree = "<group>";
		};
		A42880202B61824100E13CD7 /* Preview Content */ = {
			isa = PBXGroup;
			children = (
				A42880212B61824100E13CD7 /* Preview Assets.xcassets */,
			);
			path = "Preview Content";
			sourceTree = "<group>";
		};
		A43B67282B6640CC00BD5058 /* Views */ = {
			isa = PBXGroup;
			children = (
				A44B1FAF2B67D5AE00478B79 /* CastCardView.swift */,
				A428801C2B61823D00E13CD7 /* ContentView.swift */,
				A44B1FA92B6788B600478B79 /* CircularProcessBarView.swift */,
				A43B67322B664AF500BD5058 /* MovieDetailView.swift */,
				A43B67362B6651A300BD5058 /* MovieRowView.swift */,
				A4B315072B6757B600D0B796 /* NowPlayingMoviesListView.swift */,
				A4B315052B67563000D0B796 /* PopularMoviesListView.swift */,
				A43B67342B66515200BD5058 /* TopRatedMoviesListView.swift */,
				A4B315012B674E2700D0B796 /* SideMenu.swift */,
			);
			path = Views;
			sourceTree = "<group>";
		};
		A43B67292B6640D200BD5058 /* API */ = {
			isa = PBXGroup;
			children = (
				A43B672C2B66479A00BD5058 /* APIService.swift */,
			);
			path = API;
			sourceTree = "<group>";
		};
		A43B672A2B6640DA00BD5058 /* Models */ = {
			isa = PBXGroup;
			children = (
				A43B672E2B66483A00BD5058 /* Movie.swift */,
				A44B1FAB2B67CDFB00478B79 /* Cast.swift */,
			);
			path = Models;
			sourceTree = "<group>";
		};
		A43B672B2B6640E800BD5058 /* ViewModels */ = {
			isa = PBXGroup;
			children = (
				A43B67302B66484A00BD5058 /* TopRatedMoviesViewModel.swift */,
				A4B315092B6757C700D0B796 /* NowPlayingMoviesViewModel.swift */,
				A4B315032B67556800D0B796 /* PopularMoviesViewModel.swift */,
				A44B1FAD2B67D2F600478B79 /* CastListViewModel.swift */,
			);
			path = ViewModels;
			sourceTree = "<group>";
		};
		A43B67392B6652A200BD5058 /* Extension */ = {
			isa = PBXGroup;
			children = (
				A43B673A2B6652D400BD5058 /* UIScreen.swift */,
			);
			path = Extension;
			sourceTree = "<group>";
		};
/* End PBXGroup section */

/* Begin PBXNativeTarget section */
		A42880162B61823D00E13CD7 /* MoviesDatabase */ = {
			isa = PBXNativeTarget;
			buildConfigurationList = A42880252B61824100E13CD7 /* Build configuration list for PBXNativeTarget "MoviesDatabase" */;
			buildPhases = (
				A42880132B61823D00E13CD7 /* Sources */,
				A42880142B61823D00E13CD7 /* Frameworks */,
				A42880152B61823D00E13CD7 /* Resources */,
			);
			buildRules = (
			);
			dependencies = (
			);
			name = MoviesDatabase;
			productName = MoviesDatabase;
			productReference = A42880172B61823D00E13CD7 /* MoviesDatabase.app */;
			productType = "com.apple.product-type.application";
		};
/* End PBXNativeTarget section */

/* Begin PBXProject section */
		A428800F2B61823C00E13CD7 /* Project object */ = {
			isa = PBXProject;
			attributes = {
				BuildIndependentTargetsInParallel = 1;
				LastSwiftUpdateCheck = 1420;
				LastUpgradeCheck = 1420;
				TargetAttributes = {
					A42880162B61823D00E13CD7 = {
						CreatedOnToolsVersion = 14.2;
					};
				};
			};
			buildConfigurationList = A42880122B61823C00E13CD7 /* Build configuration list for PBXProject "MoviesDatabase" */;
			compatibilityVersion = "Xcode 14.0";
			developmentRegion = en;
			hasScannedForEncodings = 0;
			knownRegions = (
				en,
				Base,
			);
			mainGroup = A428800E2B61823C00E13CD7;
			productRefGroup = A42880182B61823D00E13CD7 /* Products */;
			projectDirPath = "";
			projectRoot = "";
			targets = (
				A42880162B61823D00E13CD7 /* MoviesDatabase */,
			);
		};
/* End PBXProject section */

/* Begin PBXResourcesBuildPhase section */
		A42880152B61823D00E13CD7 /* Resources */ = {
			isa = PBXResourcesBuildPhase;
			buildActionMask = 2147483647;
			files = (
				A42880222B61824100E13CD7 /* Preview Assets.xcassets in Resources */,
				A428801F2B61824100E13CD7 /* Assets.xcassets in Resources */,
			);
			runOnlyForDeploymentPostprocessing = 0;
		};
/* End PBXResourcesBuildPhase section */

/* Begin PBXSourcesBuildPhase section */
		A42880132B61823D00E13CD7 /* Sources */ = {
			isa = PBXSourcesBuildPhase;
			buildActionMask = 2147483647;
			files = (
				A44B1FAC2B67CDFB00478B79 /* Cast.swift in Sources */,
				A43B67332B664AF500BD5058 /* MovieDetailView.swift in Sources */,
				A43B672F2B66483A00BD5058 /* Movie.swift in Sources */,
				A428801D2B61823D00E13CD7 /* ContentView.swift in Sources */,
				A4B315082B6757B600D0B796 /* NowPlayingMoviesListView.swift in Sources */,
				A4B315042B67556800D0B796 /* PopularMoviesViewModel.swift in Sources */,
				A43B672D2B66479A00BD5058 /* APIService.swift in Sources */,
				A44B1FAA2B6788B600478B79 /* CircularProcessBarView.swift in Sources */,
				A43B673B2B6652D400BD5058 /* UIScreen.swift in Sources */,
				A4B315022B674E2700D0B796 /* SideMenu.swift in Sources */,
				A43B67372B6651A300BD5058 /* MovieRowView.swift in Sources */,
				A43B67312B66484A00BD5058 /* TopRatedMoviesViewModel.swift in Sources */,
				A44B1FAE2B67D2F600478B79 /* CastListViewModel.swift in Sources */,
				A43B67352B66515200BD5058 /* TopRatedMoviesListView.swift in Sources */,
				A428801B2B61823D00E13CD7 /* MoviesDatabaseApp.swift in Sources */,
				A4B315062B67563000D0B796 /* PopularMoviesListView.swift in Sources */,
				A4B3150A2B6757C700D0B796 /* NowPlayingMoviesViewModel.swift in Sources */,
				A44B1FB02B67D5AE00478B79 /* CastCardView.swift in Sources */,
			);
			runOnlyForDeploymentPostprocessing = 0;
		};
/* End PBXSourcesBuildPhase section */

/* Begin XCBuildConfiguration section */
		A42880232B61824100E13CD7 /* Debug */ = {
			isa = XCBuildConfiguration;
			buildSettings = {
				ALWAYS_SEARCH_USER_PATHS = NO;
				CLANG_ANALYZER_NONNULL = YES;
				CLANG_ANALYZER_NUMBER_OBJECT_CONVERSION = YES_AGGRESSIVE;
				CLANG_CXX_LANGUAGE_STANDARD = "gnu++20";
				CLANG_ENABLE_MODULES = YES;
				CLANG_ENABLE_OBJC_ARC = YES;
				CLANG_ENABLE_OBJC_WEAK = YES;
				CLANG_WARN_BLOCK_CAPTURE_AUTORELEASING = YES;
				CLANG_WARN_BOOL_CONVERSION = YES;
				CLANG_WARN_COMMA = YES;
				CLANG_WARN_CONSTANT_CONVERSION = YES;
				CLANG_WARN_DEPRECATED_OBJC_IMPLEMENTATIONS = YES;
				CLANG_WARN_DIRECT_OBJC_ISA_USAGE = YES_ERROR;
				CLANG_WARN_DOCUMENTATION_COMMENTS = YES;
				CLANG_WARN_EMPTY_BODY = YES;
				CLANG_WARN_ENUM_CONVERSION = YES;
				CLANG_WARN_INFINITE_RECURSION = YES;
				CLANG_WARN_INT_CONVERSION = YES;
				CLANG_WARN_NON_LITERAL_NULL_CONVERSION = YES;
				CLANG_WARN_OBJC_IMPLICIT_RETAIN_SELF = YES;
				CLANG_WARN_OBJC_LITERAL_CONVERSION = YES;
				CLANG_WARN_OBJC_ROOT_CLASS = YES_ERROR;
				CLANG_WARN_QUOTED_INCLUDE_IN_FRAMEWORK_HEADER = YES;
				CLANG_WARN_RANGE_LOOP_ANALYSIS = YES;
				CLANG_WARN_STRICT_PROTOTYPES = YES;
				CLANG_WARN_SUSPICIOUS_MOVE = YES;
				CLANG_WARN_UNGUARDED_AVAILABILITY = YES_AGGRESSIVE;
				CLANG_WARN_UNREACHABLE_CODE = YES;
				CLANG_WARN__DUPLICATE_METHOD_MATCH = YES;
				COPY_PHASE_STRIP = NO;
				DEBUG_INFORMATION_FORMAT = dwarf;
				ENABLE_STRICT_OBJC_MSGSEND = YES;
				ENABLE_TESTABILITY = YES;
				GCC_C_LANGUAGE_STANDARD = gnu11;
				GCC_DYNAMIC_NO_PIC = NO;
				GCC_NO_COMMON_BLOCKS = YES;
				GCC_OPTIMIZATION_LEVEL = 0;
				GCC_PREPROCESSOR_DEFINITIONS = (
					"DEBUG=1",
					"$(inherited)",
				);
				GCC_WARN_64_TO_32_BIT_CONVERSION = YES;
				GCC_WARN_ABOUT_RETURN_TYPE = YES_ERROR;
				GCC_WARN_UNDECLARED_SELECTOR = YES;
				GCC_WARN_UNINITIALIZED_AUTOS = YES_AGGRESSIVE;
				GCC_WARN_UNUSED_FUNCTION = YES;
				GCC_WARN_UNUSED_VARIABLE = YES;
				IPHONEOS_DEPLOYMENT_TARGET = 16.2;
				MTL_ENABLE_DEBUG_INFO = INCLUDE_SOURCE;
				MTL_FAST_MATH = YES;
				ONLY_ACTIVE_ARCH = YES;
				SDKROOT = iphoneos;
				SWIFT_ACTIVE_COMPILATION_CONDITIONS = DEBUG;
				SWIFT_OPTIMIZATION_LEVEL = "-Onone";
			};
			name = Debug;
		};
		A42880242B61824100E13CD7 /* Release */ = {
			isa = XCBuildConfiguration;
			buildSettings = {
				ALWAYS_SEARCH_USER_PATHS = NO;
				CLANG_ANALYZER_NONNULL = YES;
				CLANG_ANALYZER_NUMBER_OBJECT_CONVERSION = YES_AGGRESSIVE;
				CLANG_CXX_LANGUAGE_STANDARD = "gnu++20";
				CLANG_ENABLE_MODULES = YES;
				CLANG_ENABLE_OBJC_ARC = YES;
				CLANG_ENABLE_OBJC_WEAK = YES;
				CLANG_WARN_BLOCK_CAPTURE_AUTORELEASING = YES;
				CLANG_WARN_BOOL_CONVERSION = YES;
				CLANG_WARN_COMMA = YES;
				CLANG_WARN_CONSTANT_CONVERSION = YES;
				CLANG_WARN_DEPRECATED_OBJC_IMPLEMENTATIONS = YES;
				CLANG_WARN_DIRECT_OBJC_ISA_USAGE = YES_ERROR;
				CLANG_WARN_DOCUMENTATION_COMMENTS = YES;
				CLANG_WARN_EMPTY_BODY = YES;
				CLANG_WARN_ENUM_CONVERSION = YES;
				CLANG_WARN_INFINITE_RECURSION = YES;
				CLANG_WARN_INT_CONVERSION = YES;
				CLANG_WARN_NON_LITERAL_NULL_CONVERSION = YES;
				CLANG_WARN_OBJC_IMPLICIT_RETAIN_SELF = YES;
				CLANG_WARN_OBJC_LITERAL_CONVERSION = YES;
				CLANG_WARN_OBJC_ROOT_CLASS = YES_ERROR;
				CLANG_WARN_QUOTED_INCLUDE_IN_FRAMEWORK_HEADER = YES;
				CLANG_WARN_RANGE_LOOP_ANALYSIS = YES;
				CLANG_WARN_STRICT_PROTOTYPES = YES;
				CLANG_WARN_SUSPICIOUS_MOVE = YES;
				CLANG_WARN_UNGUARDED_AVAILABILITY = YES_AGGRESSIVE;
				CLANG_WARN_UNREACHABLE_CODE = YES;
				CLANG_WARN__DUPLICATE_METHOD_MATCH = YES;
				COPY_PHASE_STRIP = NO;
				DEBUG_INFORMATION_FORMAT = "dwarf-with-dsym";
				ENABLE_NS_ASSERTIONS = NO;
				ENABLE_STRICT_OBJC_MSGSEND = YES;
				GCC_C_LANGUAGE_STANDARD = gnu11;
				GCC_NO_COMMON_BLOCKS = YES;
				GCC_WARN_64_TO_32_BIT_CONVERSION = YES;
				GCC_WARN_ABOUT_RETURN_TYPE = YES_ERROR;
				GCC_WARN_UNDECLARED_SELECTOR = YES;
				GCC_WARN_UNINITIALIZED_AUTOS = YES_AGGRESSIVE;
				GCC_WARN_UNUSED_FUNCTION = YES;
				GCC_WARN_UNUSED_VARIABLE = YES;
				IPHONEOS_DEPLOYMENT_TARGET = 16.2;
				MTL_ENABLE_DEBUG_INFO = NO;
				MTL_FAST_MATH = YES;
				SDKROOT = iphoneos;
				SWIFT_COMPILATION_MODE = wholemodule;
				SWIFT_OPTIMIZATION_LEVEL = "-O";
				VALIDATE_PRODUCT = YES;
			};
			name = Release;
		};
		A42880262B61824100E13CD7 /* Debug */ = {
			isa = XCBuildConfiguration;
			buildSettings = {
				ASSETCATALOG_COMPILER_APPICON_NAME = AppIcon;
				ASSETCATALOG_COMPILER_GLOBAL_ACCENT_COLOR_NAME = AccentColor;
				CODE_SIGN_STYLE = Automatic;
				CURRENT_PROJECT_VERSION = 1;
				DEVELOPMENT_ASSET_PATHS = "\"MoviesDatabase/Preview Content\"";
				ENABLE_PREVIEWS = YES;
				GENERATE_INFOPLIST_FILE = YES;
				INFOPLIST_KEY_UIApplicationSceneManifest_Generation = YES;
				INFOPLIST_KEY_UIApplicationSupportsIndirectInputEvents = YES;
				INFOPLIST_KEY_UILaunchScreen_Generation = YES;
				INFOPLIST_KEY_UISupportedInterfaceOrientations_iPad = "UIInterfaceOrientationPortrait UIInterfaceOrientationPortraitUpsideDown UIInterfaceOrientationLandscapeLeft UIInterfaceOrientationLandscapeRight";
				INFOPLIST_KEY_UISupportedInterfaceOrientations_iPhone = "UIInterfaceOrientationPortrait UIInterfaceOrientationLandscapeLeft UIInterfaceOrientationLandscapeRight";
				LD_RUNPATH_SEARCH_PATHS = (
					"$(inherited)",
					"@executable_path/Frameworks",
				);
				MARKETING_VERSION = 1.0;
				PRODUCT_BUNDLE_IDENTIFIER = com.baohieu.MoviesDatabase;
				PRODUCT_NAME = "$(TARGET_NAME)";
				SWIFT_EMIT_LOC_STRINGS = YES;
				SWIFT_VERSION = 5.0;
				TARGETED_DEVICE_FAMILY = "1,2";
			};
			name = Debug;
		};
		A42880272B61824100E13CD7 /* Release */ = {
			isa = XCBuildConfiguration;
			buildSettings = {
				ASSETCATALOG_COMPILER_APPICON_NAME = AppIcon;
				ASSETCATALOG_COMPILER_GLOBAL_ACCENT_COLOR_NAME = AccentColor;
				CODE_SIGN_STYLE = Automatic;
				CURRENT_PROJECT_VERSION = 1;
				DEVELOPMENT_ASSET_PATHS = "\"MoviesDatabase/Preview Content\"";
				ENABLE_PREVIEWS = YES;
				GENERATE_INFOPLIST_FILE = YES;
				INFOPLIST_KEY_UIApplicationSceneManifest_Generation = YES;
				INFOPLIST_KEY_UIApplicationSupportsIndirectInputEvents = YES;
				INFOPLIST_KEY_UILaunchScreen_Generation = YES;
				INFOPLIST_KEY_UISupportedInterfaceOrientations_iPad = "UIInterfaceOrientationPortrait UIInterfaceOrientationPortraitUpsideDown UIInterfaceOrientationLandscapeLeft UIInterfaceOrientationLandscapeRight";
				INFOPLIST_KEY_UISupportedInterfaceOrientations_iPhone = "UIInterfaceOrientationPortrait UIInterfaceOrientationLandscapeLeft UIInterfaceOrientationLandscapeRight";
				LD_RUNPATH_SEARCH_PATHS = (
					"$(inherited)",
					"@executable_path/Frameworks",
				);
				MARKETING_VERSION = 1.0;
				PRODUCT_BUNDLE_IDENTIFIER = com.baohieu.MoviesDatabase;
				PRODUCT_NAME = "$(TARGET_NAME)";
				SWIFT_EMIT_LOC_STRINGS = YES;
				SWIFT_VERSION = 5.0;
				TARGETED_DEVICE_FAMILY = "1,2";
			};
			name = Release;
		};
/* End XCBuildConfiguration section */

/* Begin XCConfigurationList section */
		A42880122B61823C00E13CD7 /* Build configuration list for PBXProject "MoviesDatabase" */ = {
			isa = XCConfigurationList;
			buildConfigurations = (
				A42880232B61824100E13CD7 /* Debug */,
				A42880242B61824100E13CD7 /* Release */,
			);
			defaultConfigurationIsVisible = 0;
			defaultConfigurationName = Release;
		};
		A42880252B61824100E13CD7 /* Build configuration list for PBXNativeTarget "MoviesDatabase" */ = {
			isa = XCConfigurationList;
			buildConfigurations = (
				A42880262B61824100E13CD7 /* Debug */,
				A42880272B61824100E13CD7 /* Release */,
			);
			defaultConfigurationIsVisible = 0;
			defaultConfigurationName = Release;
		};
/* End XCConfigurationList section */
	};
	rootObject = A428800F2B61823C00E13CD7 /* Project object */;
}
